
Microsoft Visual Studio Solution File, Format Version 12.00
# Visual Studio 2013
VisualStudioVersion = 12.0.30723.0
MinimumVisualStudioVersion = 10.0.40219.1
Project("{FAE04EC0-301F-11D3-BF4B-00C04F79EFBC}") = "Quiron.LojaVirtual.Dominio", "Quiron.LojaVirtual.Dominio\Quiron.LojaVirtual.Dominio.csproj", "{DC94A4D1-F426-456A-853E-8090047B5F20}"
EndProject
Project("{FAE04EC0-301F-11D3-BF4B-00C04F79EFBC}") = "Quiron.LojaVirtual.Web", "Quiron.LojaVirtual.Web\Quiron.LojaVirtual.Web.csproj", "{4C4D34E3-6530-487F-BF49-25C9E06B660F}"
EndProject
Project("{FAE04EC0-301F-11D3-BF4B-00C04F79EFBC}") = "Quiron.LojaVirtual.UnitTest", "Quiron.LojaVirtual.UnitTest\Quiron.LojaVirtual.UnitTest.csproj", "{56562383-E709-4171-8E06-AE8FF4B1DCAC}"
EndProject
Global
	GlobalSection(SolutionConfigurationPlatforms) = preSolution
		Debug|Any CPU = Debug|Any CPU
		Release|Any CPU = Release|Any CPU
	EndGlobalSection
	GlobalSection(ProjectConfigurationPlatforms) = postSolution
		{DC94A4D1-F426-456A-853E-8090047B5F20}.Debug|Any CPU.ActiveCfg = Debug|Any CPU
		{DC94A4D1-F426-456A-853E-8090047B5F20}.Debug|Any CPU.Build.0 = Debug|Any CPU
		{DC94A4D1-F426-456A-853E-8090047B5F20}.Release|Any CPU.ActiveCfg = Release|Any CPU
		{DC94A4D1-F426-456A-853E-8090047B5F20}.Release|Any CPU.Build.0 = Release|Any CPU
		{4C4D34E3-6530-487F-BF49-25C9E06B660F}.Debug|Any CPU.ActiveCfg = Debug|Any CPU
		{4C4D34E3-6530-487F-BF49-25C9E06B660F}.Debug|Any CPU.Build.0 = Debug|Any CPU
		{4C4D34E3-6530-487F-BF49-25C9E06B660F}.Release|Any CPU.ActiveCfg = Release|Any CPU
		{4C4D34E3-6530-487F-BF49-25C9E06B660F}.Release|Any CPU.Build.0 = Release|Any CPU
		{56562383-E709-4171-8E06-AE8FF4B1DCAC}.Debug|Any CPU.ActiveCfg = Debug|Any CPU
		{56562383-E709-4171-8E06-AE8FF4B1DCAC}.Debug|Any CPU.Build.0 = Debug|Any CPU
		{56562383-E709-4171-8E06-AE8FF4B1DCAC}.Release|Any CPU.ActiveCfg = Release|Any CPU
		{56562383-E709-4171-8E06-AE8FF4B1DCAC}.Release|Any CPU.Build.0 = Release|Any CPU
	EndGlobalSection
	GlobalSection(SolutionProperties) = preSolution
		HideSolutionNode = FALSE
	EndGlobalSection
EndGlobal
